
Microsoft Visual Studio Solution File, Format Version 12.00
# Visual Studio Version 17
VisualStudioVersion = 17.0.31903.59
MinimumVisualStudioVersion = 10.0.40219.1
Project("{FAE04EC0-301F-11D3-BF4B-00C04F79EFBC}") = "linq", "linq\linq.csproj", "{3DA11301-4BA1-4BFE-8CE9-6FC558C78653}"
EndProject
Project("{FAE04EC0-301F-11D3-BF4B-00C04F79EFBC}") = "Operator-Overloading", "Operator-Overloading\Operator-Overloading.csproj", "{BD658DF4-FD6D-4AAF-B88D-734C1ADDC94C}"
EndProject
Project("{FAE04EC0-301F-11D3-BF4B-00C04F79EFBC}") = "Tuples", "Tuples\Tuples.csproj", "{38DD00DE-41B4-4793-B749-4F8034410A98}"
EndProject
Project("{FAE04EC0-301F-11D3-BF4B-00C04F79EFBC}") = "Task", "Task\Task.csproj", "{B11232ED-23E5-4D61-96D8-00BC76C2488A}"
EndProject
Project("{FAE04EC0-301F-11D3-BF4B-00C04F79EFBC}") = "Cancellation-Token", "Cancellation-Token\Cancellation-Token.csproj", "{6F094686-54B9-4A0F-91A8-AD7F5D6CB2C5}"
EndProject
Global
	GlobalSection(SolutionConfigurationPlatforms) = preSolution
		Debug|Any CPU = Debug|Any CPU
		Release|Any CPU = Release|Any CPU
	EndGlobalSection
	GlobalSection(SolutionProperties) = preSolution
		HideSolutionNode = FALSE
	EndGlobalSection
	GlobalSection(ProjectConfigurationPlatforms) = postSolution
		{3DA11301-4BA1-4BFE-8CE9-6FC558C78653}.Debug|Any CPU.ActiveCfg = Debug|Any CPU
		{3DA11301-4BA1-4BFE-8CE9-6FC558C78653}.Debug|Any CPU.Build.0 = Debug|Any CPU
		{3DA11301-4BA1-4BFE-8CE9-6FC558C78653}.Release|Any CPU.ActiveCfg = Release|Any CPU
		{3DA11301-4BA1-4BFE-8CE9-6FC558C78653}.Release|Any CPU.Build.0 = Release|Any CPU
		{BD658DF4-FD6D-4AAF-B88D-734C1ADDC94C}.Debug|Any CPU.ActiveCfg = Debug|Any CPU
		{BD658DF4-FD6D-4AAF-B88D-734C1ADDC94C}.Debug|Any CPU.Build.0 = Debug|Any CPU
		{BD658DF4-FD6D-4AAF-B88D-734C1ADDC94C}.Release|Any CPU.ActiveCfg = Release|Any CPU
		{BD658DF4-FD6D-4AAF-B88D-734C1ADDC94C}.Release|Any CPU.Build.0 = Release|Any CPU
		{38DD00DE-41B4-4793-B749-4F8034410A98}.Debug|Any CPU.ActiveCfg = Debug|Any CPU
		{38DD00DE-41B4-4793-B749-4F8034410A98}.Debug|Any CPU.Build.0 = Debug|Any CPU
		{38DD00DE-41B4-4793-B749-4F8034410A98}.Release|Any CPU.ActiveCfg = Release|Any CPU
		{38DD00DE-41B4-4793-B749-4F8034410A98}.Release|Any CPU.Build.0 = Release|Any CPU
		{B11232ED-23E5-4D61-96D8-00BC76C2488A}.Debug|Any CPU.ActiveCfg = Debug|Any CPU
		{B11232ED-23E5-4D61-96D8-00BC76C2488A}.Debug|Any CPU.Build.0 = Debug|Any CPU
		{B11232ED-23E5-4D61-96D8-00BC76C2488A}.Release|Any CPU.ActiveCfg = Release|Any CPU
		{B11232ED-23E5-4D61-96D8-00BC76C2488A}.Release|Any CPU.Build.0 = Release|Any CPU
		{6F094686-54B9-4A0F-91A8-AD7F5D6CB2C5}.Debug|Any CPU.ActiveCfg = Debug|Any CPU
		{6F094686-54B9-4A0F-91A8-AD7F5D6CB2C5}.Debug|Any CPU.Build.0 = Debug|Any CPU
		{6F094686-54B9-4A0F-91A8-AD7F5D6CB2C5}.Release|Any CPU.ActiveCfg = Release|Any CPU
		{6F094686-54B9-4A0F-91A8-AD7F5D6CB2C5}.Release|Any CPU.Build.0 = Release|Any CPU
	EndGlobalSection
EndGlobal
